{
  "version": 4,
  "terraform_version": "1.11.2",
  "serial": 1,
  "lineage": "b9389448-6e30-95cb-37c8-35581e58faf2",
  "outputs": {},
  "resources": [
    {
      "mode": "managed",
      "type": "local_file",
      "name": "tea",
      "provider": "provider[\"registry.terraform.io/hashicorp/local\"]",
      "instances": [
        {
          "schema_version": 0,
          "attributes": {
            "content": "We love tea!",
            "content_base64": null,
            "content_base64sha256": "sHC2rN3T4864Zy6JQIlpNffKCbiLvttALBjQ+0pV4rc=",
            "content_base64sha512": "gA2ud9URAja2i9Fz00oua9K/cAfY2Wt6mgI6FONmmBk/xdEilUar5gw8mhMfkT9P6iKvKb37ycDBbyzdTq0TYg==",
            "content_md5": "06ef1bc8d316509e4062cd0a33b40df3",
            "content_sha1": "780ccd67ef71de409ac25f88cd7d310c3559b2bf",
            "content_sha256": "b070b6acddd3e3ceb8672e8940896935f7ca09b88bbedb402c18d0fb4a55e2b7",
            "content_sha512": "800dae77d5110236b68bd173d34a2e6bd2bf7007d8d96b7a9a023a14e36698193fc5d1229546abe60c3c9a131f913f4fea22af29bdfbc9c0c16f2cdd4ead1362",
            "directory_permission": "0777",
            "file_permission": "0777",
            "filename": "./localfile.txt",
            "id": "780ccd67ef71de409ac25f88cd7d310c3559b2bf",
            "sensitive_content": null,
            "source": null
          },
          "sensitive_attributes": [
            [
              {
                "type": "get_attr",
                "value": "sensitive_content"
              }
            ]
          ]
        }
      ]
    }
  ],
  "check_results": null
}
