{
  "version": 4,
  "terraform_version": "1.11.2",
  "serial": 1,
  "lineage": "d82e5d65-2bff-a32d-af95-654dcacdd728",
  "outputs": {},
  "resources": [
    {
      "mode": "managed",
      "type": "local_file",
      "name": "pet",
      "provider": "provider[\"registry.terraform.io/hashicorp/local\"]",
      "instances": [
        {
          "schema_version": 0,
          "attributes": {
            "content": "I don't like per at all",
            "content_base64": null,
            "content_base64sha256": "0ABNfCqywBVQzmHNfgHyVWpC3otUKvUOj5NXPWrFrw8=",
            "content_base64sha512": "GuhND4WD16PHaTfoB6D8GhhLSzZxtVoPi5D/NE+0w3sPMtgNxGRrTdwM//ymi0Fa86/Jj9EcRtV+iLGmD9cq3Q==",
            "content_md5": "5db32065c68ec3ed6ff595985ada2780",
            "content_sha1": "b32f337b98635d061bb0d53f095dcaf4f119c9c7",
            "content_sha256": "d0004d7c2ab2c01550ce61cd7e01f2556a42de8b542af50e8f93573d6ac5af0f",
            "content_sha512": "1ae84d0f8583d7a3c76937e807a0fc1a184b4b3671b55a0f8b90ff344fb4c37b0f32d80dc4646b4ddc0cfffca68b415af3afc98fd11c46d57e88b1a60fd72add",
            "directory_permission": "0777",
            "file_permission": "0777",
            "filename": "./pet_file.txt",
            "id": "b32f337b98635d061bb0d53f095dcaf4f119c9c7",
            "sensitive_content": null,
            "source": null
          },
          "sensitive_attributes": [
            [
              {
                "type": "get_attr",
                "value": "sensitive_content"
              }
            ]
          ]
        }
      ]
    },
    {
      "mode": "managed",
      "type": "local_file",
      "name": "tea",
      "provider": "provider[\"registry.terraform.io/hashicorp/local\"]",
      "instances": [
        {
          "schema_version": 0,
          "attributes": {
            "content": "We love tea!",
            "content_base64": null,
            "content_base64sha256": "sHC2rN3T4864Zy6JQIlpNffKCbiLvttALBjQ+0pV4rc=",
            "content_base64sha512": "gA2ud9URAja2i9Fz00oua9K/cAfY2Wt6mgI6FONmmBk/xdEilUar5gw8mhMfkT9P6iKvKb37ycDBbyzdTq0TYg==",
            "content_md5": "06ef1bc8d316509e4062cd0a33b40df3",
            "content_sha1": "780ccd67ef71de409ac25f88cd7d310c3559b2bf",
            "content_sha256": "b070b6acddd3e3ceb8672e8940896935f7ca09b88bbedb402c18d0fb4a55e2b7",
            "content_sha512": "800dae77d5110236b68bd173d34a2e6bd2bf7007d8d96b7a9a023a14e36698193fc5d1229546abe60c3c9a131f913f4fea22af29bdfbc9c0c16f2cdd4ead1362",
            "directory_permission": "0777",
            "file_permission": "0777",
            "filename": "./tea_file.txt",
            "id": "780ccd67ef71de409ac25f88cd7d310c3559b2bf",
            "sensitive_content": null,
            "source": null
          },
          "sensitive_attributes": [
            [
              {
                "type": "get_attr",
                "value": "sensitive_content"
              }
            ]
          ]
        }
      ]
    }
  ],
  "check_results": null
}
